
Microsoft Visual Studio Solution File, Format Version 11.00
# Visual Studio 2010
Project("{FAE04EC0-301F-11D3-BF4B-00C04F79EFBC}") = "softwareEngineering", "softwareEngineering\softwareEngineering.csproj", "{B543A4DD-0298-4E19-8AD1-9EB128ED917C}"
	ProjectSection(ProjectDependencies) = postProject
		{4C3641AC-CB3B-4D28-A325-7AFA67263279} = {4C3641AC-CB3B-4D28-A325-7AFA67263279}
	EndProjectSection
EndProject
Project("{FAE04EC0-301F-11D3-BF4B-00C04F79EFBC}") = "softwareEngineering.Web", "softwareEngineering.Web\softwareEngineering.Web.csproj", "{4C3641AC-CB3B-4D28-A325-7AFA67263279}"
EndProject
Global
	GlobalSection(SolutionConfigurationPlatforms) = preSolution
		Debug|Any CPU = Debug|Any CPU
		Release|Any CPU = Release|Any CPU
	EndGlobalSection
	GlobalSection(ProjectConfigurationPlatforms) = postSolution
		{B543A4DD-0298-4E19-8AD1-9EB128ED917C}.Debug|Any CPU.ActiveCfg = Debug|Any CPU
		{B543A4DD-0298-4E19-8AD1-9EB128ED917C}.Debug|Any CPU.Build.0 = Debug|Any CPU
		{B543A4DD-0298-4E19-8AD1-9EB128ED917C}.Release|Any CPU.ActiveCfg = Release|Any CPU
		{B543A4DD-0298-4E19-8AD1-9EB128ED917C}.Release|Any CPU.Build.0 = Release|Any CPU
		{4C3641AC-CB3B-4D28-A325-7AFA67263279}.Debug|Any CPU.ActiveCfg = Debug|Any CPU
		{4C3641AC-CB3B-4D28-A325-7AFA67263279}.Debug|Any CPU.Build.0 = Debug|Any CPU
		{4C3641AC-CB3B-4D28-A325-7AFA67263279}.Release|Any CPU.ActiveCfg = Release|Any CPU
		{4C3641AC-CB3B-4D28-A325-7AFA67263279}.Release|Any CPU.Build.0 = Release|Any CPU
	EndGlobalSection
	GlobalSection(SolutionProperties) = preSolution
		HideSolutionNode = FALSE
	EndGlobalSection
EndGlobal
